<Solution>
  <Project Path="ControleFinanceiro.Application/ControleFinanceiro.Application.csproj" />
  <Project Path="ControleFinanceiro.Domain/ControleFinanceiro.Domain.csproj" />
  <Project Path="ControleFinanceiro.Domain.Tests/ControleFinanceiro.Domain.Tests.csproj" />
  <Project Path="ControleFinanceiro.Infrastructure/ControleFinanceiro.Infrastructure.csproj" />
  <Project Path="ControleFinanceiro/ControleFinanceiro.csproj" />
</Solution>
